{
  "name": "noveltea",
  "lockfileVersion": 3,
  "requires": true,
  "packages": {
    "": {
      "name": "noveltea",
      "license": "SEE LICENSE IN LICENSE.md",
      "workspaces": [
        "packages/*"
      ],
      "engines": {
        "node": ">=22.6.0"
      }
    },
    "node_modules/@noveltea/client-db": {
      "resolved": "packages/client-db",
      "link": true
    },
    "packages/client-db": {
      "name": "@noveltea/client-db",
      "version": "0.1.0",
      "license": "SEE LICENSE IN ../../LICENSE.md",
      "engines": {
        "node": ">=22.6.0"
      }
    }
  }
}
